{
  "version": 4,
  "terraform_version": "1.14.0",
  "serial": 6,
  "lineage": "3a3c5026-260c-0be5-7776-a3a5906b67bd",
  "outputs": {
    "dynamic_name": {
      "value": "dev-01*_+",
      "type": "string"
    },
    "eastus_from_list": {
      "value": {
        "cidr": "10.1.0.0/16",
        "name": "net-b"
      },
      "type": [
        "object",
        {
          "cidr": "string",
          "name": "string"
        }
      ]
    },
    "eastus_from_map": {
      "value": "net-b",
      "type": "string"
    },
    "workspace_name": {
      "value": "dev",
      "type": "string"
    }
  },
  "resources": [
    {
      "mode": "managed",
      "type": "random_string",
      "name": "random",
      "provider": "provider[\"registry.terraform.io/hashicorp/random\"]",
      "instances": [
        {
          "schema_version": 2,
          "attributes": {
            "id": "01*_+",
            "keepers": null,
            "length": 5,
            "lower": true,
            "min_lower": 0,
            "min_numeric": 0,
            "min_special": 0,
            "min_upper": 0,
            "number": true,
            "numeric": true,
            "override_special": null,
            "result": "01*_+",
            "special": true,
            "upper": false
          },
          "sensitive_attributes": [],
          "identity_schema_version": 0
        }
      ]
    }
  ],
  "check_results": null
}
